# This file is automatically @generated by Cargo.
# It is not intended for manual editing.
version = 3

[[package]]
name = "demo-rust-xml-rs"
version = "1.0.0"
dependencies = [
 "xml-rs",
]

[[package]]
name = "xml-rs"
version = "0.8.21"
source = "registry+https://github.com/rust-lang/crates.io-index"
checksum = "539a77ee7c0de333dcc6da69b177380a0b81e0dacfa4f7344c465a36871ee601"
